
Microsoft Visual Studio Solution File, Format Version 12.00
# Visual Studio Version 17
VisualStudioVersion = 17.8.34330.188
MinimumVisualStudioVersion = 10.0.40219.1
Project("{FAE04EC0-301F-11D3-BF4B-00C04F79EFBC}") = "Lab002Inheritance", "Lab002Inheritance.csproj", "{6680174B-4977-47C9-BCE9-758DF4793820}"
EndProject
Global
	GlobalSection(SolutionConfigurationPlatforms) = preSolution
		Debug|Any CPU = Debug|Any CPU
		Release|Any CPU = Release|Any CPU
	EndGlobalSection
	GlobalSection(ProjectConfigurationPlatforms) = postSolution
		{6680174B-4977-47C9-BCE9-758DF4793820}.Debug|Any CPU.ActiveCfg = Debug|Any CPU
		{6680174B-4977-47C9-BCE9-758DF4793820}.Debug|Any CPU.Build.0 = Debug|Any CPU
		{6680174B-4977-47C9-BCE9-758DF4793820}.Release|Any CPU.ActiveCfg = Release|Any CPU
		{6680174B-4977-47C9-BCE9-758DF4793820}.Release|Any CPU.Build.0 = Release|Any CPU
	EndGlobalSection
	GlobalSection(SolutionProperties) = preSolution
		HideSolutionNode = FALSE
	EndGlobalSection
	GlobalSection(ExtensibilityGlobals) = postSolution
		SolutionGuid = {75080DD2-195A-4403-849E-CCC96398ADC6}
	EndGlobalSection
EndGlobal
